
Microsoft Visual Studio Solution File, Format Version 12.00
# Visual Studio 14
VisualStudioVersion = 14.0.25123.0
MinimumVisualStudioVersion = 10.0.40219.1
Project("{FAE04EC0-301F-11D3-BF4B-00C04F79EFBC}") = "DocumentApp", "DocumentApp\DocumentApp.csproj", "{DC6B8657-3B5C-4DA1-9CFF-FD2555162314}"
EndProject
Project("{2150E333-8FDC-42A3-9474-1A3956D46DE8}") = "Document.DataAccess", "Document.DataAccess", "{2D63495F-93FA-4EE1-86B9-733B3875CCF0}"
EndProject
Project("{2150E333-8FDC-42A3-9474-1A3956D46DE8}") = "Document.BusinessLogic", "Document.BusinessLogic", "{4BCDA975-46BE-4D9C-AA22-86C1123DA837}"
EndProject
Project("{2150E333-8FDC-42A3-9474-1A3956D46DE8}") = "Document.BusinessEntity", "Document.BusinessEntity", "{621D5337-434C-4365-BDF6-01056AAACCD9}"
EndProject
Project("{2150E333-8FDC-42A3-9474-1A3956D46DE8}") = "Document.Web", "Document.Web", "{DE70DA2A-660C-4A3F-9216-D0387F22838F}"
EndProject
Project("{FAE04EC0-301F-11D3-BF4B-00C04F79EFBC}") = "Document.BusinessEntity", "Document.BusinessEntity\Document.BusinessEntity.csproj", "{1B30016E-3E27-41FA-9310-0E727D5C8ADC}"
EndProject
Project("{FAE04EC0-301F-11D3-BF4B-00C04F79EFBC}") = "Document.BusinessLogic", "Document.BusinessLogic\Document.BusinessLogic.csproj", "{6E304328-3D0D-493C-844A-1F274CBC8CA1}"
EndProject
Project("{FAE04EC0-301F-11D3-BF4B-00C04F79EFBC}") = "Document.DataAccess", "Document.DataAccess\Document.DataAccess.csproj", "{1B386754-76E4-4D2E-B7DF-1F0E06242BC6}"
EndProject
Global
	GlobalSection(SolutionConfigurationPlatforms) = preSolution
		Debug|Any CPU = Debug|Any CPU
		Release|Any CPU = Release|Any CPU
	EndGlobalSection
	GlobalSection(ProjectConfigurationPlatforms) = postSolution
		{DC6B8657-3B5C-4DA1-9CFF-FD2555162314}.Debug|Any CPU.ActiveCfg = Debug|Any CPU
		{DC6B8657-3B5C-4DA1-9CFF-FD2555162314}.Debug|Any CPU.Build.0 = Debug|Any CPU
		{DC6B8657-3B5C-4DA1-9CFF-FD2555162314}.Release|Any CPU.ActiveCfg = Release|Any CPU
		{DC6B8657-3B5C-4DA1-9CFF-FD2555162314}.Release|Any CPU.Build.0 = Release|Any CPU
		{1B30016E-3E27-41FA-9310-0E727D5C8ADC}.Debug|Any CPU.ActiveCfg = Debug|Any CPU
		{1B30016E-3E27-41FA-9310-0E727D5C8ADC}.Debug|Any CPU.Build.0 = Debug|Any CPU
		{1B30016E-3E27-41FA-9310-0E727D5C8ADC}.Release|Any CPU.ActiveCfg = Release|Any CPU
		{1B30016E-3E27-41FA-9310-0E727D5C8ADC}.Release|Any CPU.Build.0 = Release|Any CPU
		{6E304328-3D0D-493C-844A-1F274CBC8CA1}.Debug|Any CPU.ActiveCfg = Debug|Any CPU
		{6E304328-3D0D-493C-844A-1F274CBC8CA1}.Debug|Any CPU.Build.0 = Debug|Any CPU
		{6E304328-3D0D-493C-844A-1F274CBC8CA1}.Release|Any CPU.ActiveCfg = Release|Any CPU
		{6E304328-3D0D-493C-844A-1F274CBC8CA1}.Release|Any CPU.Build.0 = Release|Any CPU
		{1B386754-76E4-4D2E-B7DF-1F0E06242BC6}.Debug|Any CPU.ActiveCfg = Debug|Any CPU
		{1B386754-76E4-4D2E-B7DF-1F0E06242BC6}.Debug|Any CPU.Build.0 = Debug|Any CPU
		{1B386754-76E4-4D2E-B7DF-1F0E06242BC6}.Release|Any CPU.ActiveCfg = Release|Any CPU
		{1B386754-76E4-4D2E-B7DF-1F0E06242BC6}.Release|Any CPU.Build.0 = Release|Any CPU
	EndGlobalSection
	GlobalSection(SolutionProperties) = preSolution
		HideSolutionNode = FALSE
	EndGlobalSection
	GlobalSection(NestedProjects) = preSolution
		{DC6B8657-3B5C-4DA1-9CFF-FD2555162314} = {DE70DA2A-660C-4A3F-9216-D0387F22838F}
		{1B30016E-3E27-41FA-9310-0E727D5C8ADC} = {621D5337-434C-4365-BDF6-01056AAACCD9}
		{6E304328-3D0D-493C-844A-1F274CBC8CA1} = {4BCDA975-46BE-4D9C-AA22-86C1123DA837}
		{1B386754-76E4-4D2E-B7DF-1F0E06242BC6} = {2D63495F-93FA-4EE1-86B9-733B3875CCF0}
	EndGlobalSection
EndGlobal
